
Microsoft Visual Studio Solution File, Format Version 12.00
# Visual Studio 2013
VisualStudioVersion = 12.0.31101.0
MinimumVisualStudioVersion = 10.0.40219.1
Project("{FAE04EC0-301F-11D3-BF4B-00C04F79EFBC}") = "Spitfire.Website", "src\Spitfire.Website\Spitfire.Website.csproj", "{86CADB26-5817-46B6-88C7-76D5753722C3}"
EndProject
Project("{FAE04EC0-301F-11D3-BF4B-00C04F79EFBC}") = "Spitfire.SitecoreExtensions", "src\Spitfire.SitecoreExtensions\Spitfire.SitecoreExtensions.csproj", "{B535703F-8D07-4F23-A533-2974BB4CC7B1}"
EndProject
Project("{FAE04EC0-301F-11D3-BF4B-00C04F79EFBC}") = "Spitfire.Library", "src\Spitfire.Library\Spitfire.Library.csproj", "{3CE5C5A8-C7B1-4D88-B487-6A3BED1891DF}"
EndProject
Project("{2150E333-8FDC-42A3-9474-1A3956D46DE8}") = "Solution Items", "Solution Items", "{F347A85D-6FF5-4927-B5CF-54D81954E6A2}"
	ProjectSection(SolutionItems) = preProject
		.gitattributes = .gitattributes
		.gitignore = .gitignore
		LICENSE = LICENSE
		README.md = README.md
	EndProjectSection
EndProject
Project("{2150E333-8FDC-42A3-9474-1A3956D46DE8}") = "build", "build", "{1E906505-AD61-4F72-B200-0FA759EB409F}"
	ProjectSection(SolutionItems) = preProject
		build\add-extra-hosts.ps1 = build\add-extra-hosts.ps1
		build\build-FixDataFolder.ps1 = build\build-FixDataFolder.ps1
		build\build-FixUnicornFolder.ps1 = build\build-FixUnicornFolder.ps1
		build\build.cmd = build\build.cmd
		build\delete.cmd = build\delete.cmd
		build\export.cmd = build\export.cmd
		build\fix-file-permissions.cmd = build\fix-file-permissions.cmd
		build\install.cmd = build\install.cmd
		build\publish.cmd = build\publish.cmd
		build\sim.cmd = build\sim.cmd
		build\sql-optimize-database.sql = build\sql-optimize-database.sql
		build\sync-installer.cmd = build\sync-installer.cmd
		build\sync.cmd = build\sync.cmd
		build\updates.cmd = build\updates.cmd
		build\vars.cmd = build\vars.cmd
	EndProjectSection
EndProject
Project("{FAE04EC0-301F-11D3-BF4B-00C04F79EFBC}") = "Spitfire.SIM", "src\Spitfire.SIM\Spitfire.SIM.csproj", "{6F85DEE3-3AF3-4598-93E0-1CE99401E519}"
EndProject
Project("{2150E333-8FDC-42A3-9474-1A3956D46DE8}") = "CI", "CI", "{CFA36180-16F1-4456-B18C-2057ABA18D03}"
EndProject
Project("{FAE04EC0-301F-11D3-BF4B-00C04F79EFBC}") = "Spitfire.SIM.Console", "src\Spitfire.SIM.Console\Spitfire.SIM.Console.csproj", "{E45940F3-DFAE-45C5-AFDB-3B578D257B9B}"
EndProject
Project("{FAE04EC0-301F-11D3-BF4B-00C04F79EFBC}") = "Spitfire.Website.Static", "src\Spitfire.Website\Spitfire.Website.Static.csproj", "{F3D8EFE0-4F7A-452E-AD0D-63E3C81DAD5B}"
EndProject
Global
	GlobalSection(SolutionConfigurationPlatforms) = preSolution
		Debug|Any CPU = Debug|Any CPU
		Release|Any CPU = Release|Any CPU
	EndGlobalSection
	GlobalSection(ProjectConfigurationPlatforms) = postSolution
		{86CADB26-5817-46B6-88C7-76D5753722C3}.Debug|Any CPU.ActiveCfg = Debug|Any CPU
		{86CADB26-5817-46B6-88C7-76D5753722C3}.Debug|Any CPU.Build.0 = Debug|Any CPU
		{86CADB26-5817-46B6-88C7-76D5753722C3}.Release|Any CPU.ActiveCfg = Release|Any CPU
		{86CADB26-5817-46B6-88C7-76D5753722C3}.Release|Any CPU.Build.0 = Release|Any CPU
		{B535703F-8D07-4F23-A533-2974BB4CC7B1}.Debug|Any CPU.ActiveCfg = Debug|Any CPU
		{B535703F-8D07-4F23-A533-2974BB4CC7B1}.Debug|Any CPU.Build.0 = Debug|Any CPU
		{B535703F-8D07-4F23-A533-2974BB4CC7B1}.Release|Any CPU.ActiveCfg = Release|Any CPU
		{B535703F-8D07-4F23-A533-2974BB4CC7B1}.Release|Any CPU.Build.0 = Release|Any CPU
		{3CE5C5A8-C7B1-4D88-B487-6A3BED1891DF}.Debug|Any CPU.ActiveCfg = Debug|Any CPU
		{3CE5C5A8-C7B1-4D88-B487-6A3BED1891DF}.Debug|Any CPU.Build.0 = Debug|Any CPU
		{3CE5C5A8-C7B1-4D88-B487-6A3BED1891DF}.Release|Any CPU.ActiveCfg = Release|Any CPU
		{3CE5C5A8-C7B1-4D88-B487-6A3BED1891DF}.Release|Any CPU.Build.0 = Release|Any CPU
		{6F85DEE3-3AF3-4598-93E0-1CE99401E519}.Debug|Any CPU.ActiveCfg = Debug|Any CPU
		{6F85DEE3-3AF3-4598-93E0-1CE99401E519}.Debug|Any CPU.Build.0 = Debug|Any CPU
		{6F85DEE3-3AF3-4598-93E0-1CE99401E519}.Release|Any CPU.ActiveCfg = Release|Any CPU
		{6F85DEE3-3AF3-4598-93E0-1CE99401E519}.Release|Any CPU.Build.0 = Release|Any CPU
		{E45940F3-DFAE-45C5-AFDB-3B578D257B9B}.Debug|Any CPU.ActiveCfg = Debug|Any CPU
		{E45940F3-DFAE-45C5-AFDB-3B578D257B9B}.Debug|Any CPU.Build.0 = Debug|Any CPU
		{E45940F3-DFAE-45C5-AFDB-3B578D257B9B}.Release|Any CPU.ActiveCfg = Release|Any CPU
		{E45940F3-DFAE-45C5-AFDB-3B578D257B9B}.Release|Any CPU.Build.0 = Release|Any CPU
		{F3D8EFE0-4F7A-452E-AD0D-63E3C81DAD5B}.Debug|Any CPU.ActiveCfg = Debug|Any CPU
		{F3D8EFE0-4F7A-452E-AD0D-63E3C81DAD5B}.Debug|Any CPU.Build.0 = Debug|Any CPU
		{F3D8EFE0-4F7A-452E-AD0D-63E3C81DAD5B}.Release|Any CPU.ActiveCfg = Release|Any CPU
		{F3D8EFE0-4F7A-452E-AD0D-63E3C81DAD5B}.Release|Any CPU.Build.0 = Release|Any CPU
	EndGlobalSection
	GlobalSection(SolutionProperties) = preSolution
		HideSolutionNode = FALSE
	EndGlobalSection
	GlobalSection(NestedProjects) = preSolution
		{1E906505-AD61-4F72-B200-0FA759EB409F} = {CFA36180-16F1-4456-B18C-2057ABA18D03}
		{6F85DEE3-3AF3-4598-93E0-1CE99401E519} = {CFA36180-16F1-4456-B18C-2057ABA18D03}
		{E45940F3-DFAE-45C5-AFDB-3B578D257B9B} = {CFA36180-16F1-4456-B18C-2057ABA18D03}
	EndGlobalSection
EndGlobal
